
Microsoft Visual Studio Solution File, Format Version 12.00
# Visual Studio Version 16
VisualStudioVersion = 16.0.32002.261
MinimumVisualStudioVersion = 10.0.40219.1
Project("{FAE04EC0-301F-11D3-BF4B-00C04F79EFBC}") = "03-Esfera", "03-Esfera\03-Esfera.csproj", "{CF49675B-5400-4BB5-8D3B-43DDE95E0096}"
EndProject
Global
	GlobalSection(SolutionConfigurationPlatforms) = preSolution
		Debug|Any CPU = Debug|Any CPU
		Release|Any CPU = Release|Any CPU
	EndGlobalSection
	GlobalSection(ProjectConfigurationPlatforms) = postSolution
		{CF49675B-5400-4BB5-8D3B-43DDE95E0096}.Debug|Any CPU.ActiveCfg = Debug|Any CPU
		{CF49675B-5400-4BB5-8D3B-43DDE95E0096}.Debug|Any CPU.Build.0 = Debug|Any CPU
		{CF49675B-5400-4BB5-8D3B-43DDE95E0096}.Release|Any CPU.ActiveCfg = Release|Any CPU
		{CF49675B-5400-4BB5-8D3B-43DDE95E0096}.Release|Any CPU.Build.0 = Release|Any CPU
	EndGlobalSection
	GlobalSection(SolutionProperties) = preSolution
		HideSolutionNode = FALSE
	EndGlobalSection
	GlobalSection(ExtensibilityGlobals) = postSolution
		SolutionGuid = {4F854AA5-AFAC-4863-B648-C0E3835BEDDF}
	EndGlobalSection
EndGlobal
